{
  "nodes": {
    "nixpkgs": {
      "locked": {
        "lastModified": 1669029319,
        "narHash": "sha256-EdTqXZ/xBk7xjSCPGNbL0WnoWHEkYjwe78C6gZoUC0E=",
        "owner": "NixOS",
        "repo": "nixpkgs",
        "rev": "79bb815a1cdc789f6b036d2047e217ab3e989fff",
        "type": "github"
      },
      "original": {
        "id": "nixpkgs",
        "type": "indirect"
      }
    },
    "root": {
      "inputs": {
        "nixpkgs": "nixpkgs"
      }
    }
  },
  "root": "root",
  "version": 7
}
